
Microsoft Visual Studio Solution File, Format Version 12.00
# Visual Studio Version 17
VisualStudioVersion = 17.13.35825.156 d17.13
MinimumVisualStudioVersion = 10.0.40219.1
Project("{FAE04EC0-301F-11D3-BF4B-00C04F79EFBC}") = "CRUD_Operation", "CRUD_Operation\CRUD_Operation.csproj", "{72AA45C2-6252-4032-B468-B289E751B0AB}"
EndProject
Global
	GlobalSection(SolutionConfigurationPlatforms) = preSolution
		Debug|Any CPU = Debug|Any CPU
		Release|Any CPU = Release|Any CPU
	EndGlobalSection
	GlobalSection(ProjectConfigurationPlatforms) = postSolution
		{72AA45C2-6252-4032-B468-B289E751B0AB}.Debug|Any CPU.ActiveCfg = Debug|Any CPU
		{72AA45C2-6252-4032-B468-B289E751B0AB}.Debug|Any CPU.Build.0 = Debug|Any CPU
		{72AA45C2-6252-4032-B468-B289E751B0AB}.Release|Any CPU.ActiveCfg = Release|Any CPU
		{72AA45C2-6252-4032-B468-B289E751B0AB}.Release|Any CPU.Build.0 = Release|Any CPU
	EndGlobalSection
	GlobalSection(SolutionProperties) = preSolution
		HideSolutionNode = FALSE
	EndGlobalSection
	GlobalSection(ExtensibilityGlobals) = postSolution
		SolutionGuid = {C06DAFD3-1BCF-4E7E-8F63-CC01BBA7B68D}
	EndGlobalSection
EndGlobal
